// !$*UTF8*$!
{
	archiveVersion = 1;
	classes = {
	};
	objectVersion = 56;
	objects = {

/* Begin PBXBuildFile section */
		F70AB5782BCCEC7500E80F1E /* NetworkViewModel.swift in Sources */ = {isa = PBXBuildFile; fileRef = F70AB5772BCCEC7500E80F1E /* NetworkViewModel.swift */; };
		F71C77242BCBFFB200E6FBAC /* AppDelegate.swift in Sources */ = {isa = PBXBuildFile; fileRef = F71C77232BCBFFB200E6FBAC /* AppDelegate.swift */; };
		F71C77262BCBFFB200E6FBAC /* SceneDelegate.swift in Sources */ = {isa = PBXBuildFile; fileRef = F71C77252BCBFFB200E6FBAC /* SceneDelegate.swift */; };
		F71C77282BCBFFB200E6FBAC /* ViewController.swift in Sources */ = {isa = PBXBuildFile; fileRef = F71C77272BCBFFB200E6FBAC /* ViewController.swift */; };
		F71C772B2BCBFFB200E6FBAC /* Main.storyboard in Resources */ = {isa = PBXBuildFile; fileRef = F71C77292BCBFFB200E6FBAC /* Main.storyboard */; };
		F71C772E2BCBFFB200E6FBAC /* ImagelistTask.xcdatamodeld in Sources */ = {isa = PBXBuildFile; fileRef = F71C772C2BCBFFB200E6FBAC /* ImagelistTask.xcdatamodeld */; };
		F71C77302BCBFFB300E6FBAC /* Assets.xcassets in Resources */ = {isa = PBXBuildFile; fileRef = F71C772F2BCBFFB300E6FBAC /* Assets.xcassets */; };
		F71C77332BCBFFB300E6FBAC /* LaunchScreen.storyboard in Resources */ = {isa = PBXBuildFile; fileRef = F71C77312BCBFFB300E6FBAC /* LaunchScreen.storyboard */; };
		F71C773D2BCC009200E6FBAC /* DataModel.swift in Sources */ = {isa = PBXBuildFile; fileRef = F71C773C2BCC009200E6FBAC /* DataModel.swift */; };
		F71C77442BCC03D100E6FBAC /* ImageCell.swift in Sources */ = {isa = PBXBuildFile; fileRef = F71C77422BCC03D100E6FBAC /* ImageCell.swift */; };
		F71C77452BCC03D100E6FBAC /* ImageCell.xib in Resources */ = {isa = PBXBuildFile; fileRef = F71C77432BCC03D100E6FBAC /* ImageCell.xib */; };
/* End PBXBuildFile section */

/* Begin PBXFileReference section */
		F70AB5772BCCEC7500E80F1E /* NetworkViewModel.swift */ = {isa = PBXFileReference; lastKnownFileType = sourcecode.swift; path = NetworkViewModel.swift; sourceTree = "<group>"; };
		F71C77202BCBFFB200E6FBAC /* ImagelistTask.app */ = {isa = PBXFileReference; explicitFileType = wrapper.application; includeInIndex = 0; path = ImagelistTask.app; sourceTree = BUILT_PRODUCTS_DIR; };
		F71C77232BCBFFB200E6FBAC /* AppDelegate.swift */ = {isa = PBXFileReference; lastKnownFileType = sourcecode.swift; path = AppDelegate.swift; sourceTree = "<group>"; };
		F71C77252BCBFFB200E6FBAC /* SceneDelegate.swift */ = {isa = PBXFileReference; lastKnownFileType = sourcecode.swift; path = SceneDelegate.swift; sourceTree = "<group>"; };
		F71C77272BCBFFB200E6FBAC /* ViewController.swift */ = {isa = PBXFileReference; lastKnownFileType = sourcecode.swift; path = ViewController.swift; sourceTree = "<group>"; };
		F71C772A2BCBFFB200E6FBAC /* Base */ = {isa = PBXFileReference; lastKnownFileType = file.storyboard; name = Base; path = Base.lproj/Main.storyboard; sourceTree = "<group>"; };
		F71C772D2BCBFFB200E6FBAC /* ImagelistTask.xcdatamodel */ = {isa = PBXFileReference; lastKnownFileType = wrapper.xcdatamodel; path = ImagelistTask.xcdatamodel; sourceTree = "<group>"; };
		F71C772F2BCBFFB300E6FBAC /* Assets.xcassets */ = {isa = PBXFileReference; lastKnownFileType = folder.assetcatalog; path = Assets.xcassets; sourceTree = "<group>"; };
		F71C77322BCBFFB300E6FBAC /* Base */ = {isa = PBXFileReference; lastKnownFileType = file.storyboard; name = Base; path = Base.lproj/LaunchScreen.storyboard; sourceTree = "<group>"; };
		F71C77342BCBFFB300E6FBAC /* Info.plist */ = {isa = PBXFileReference; lastKnownFileType = text.plist.xml; path = Info.plist; sourceTree = "<group>"; };
		F71C773C2BCC009200E6FBAC /* DataModel.swift */ = {isa = PBXFileReference; lastKnownFileType = sourcecode.swift; path = DataModel.swift; sourceTree = "<group>"; };
		F71C77422BCC03D100E6FBAC /* ImageCell.swift */ = {isa = PBXFileReference; lastKnownFileType = sourcecode.swift; path = ImageCell.swift; sourceTree = "<group>"; };
		F71C77432BCC03D100E6FBAC /* ImageCell.xib */ = {isa = PBXFileReference; lastKnownFileType = file.xib; path = ImageCell.xib; sourceTree = "<group>"; };
/* End PBXFileReference section */

/* Begin PBXFrameworksBuildPhase section */
		F71C771D2BCBFFB200E6FBAC /* Frameworks */ = {
			isa = PBXFrameworksBuildPhase;
			buildActionMask = 2147483647;
			files = (
			);
			runOnlyForDeploymentPostprocessing = 0;
		};
/* End PBXFrameworksBuildPhase section */

/* Begin PBXGroup section */
		F70AB5732BCCEBEB00E80F1E /* View */ = {
			isa = PBXGroup;
			children = (
				F71C77312BCBFFB300E6FBAC /* LaunchScreen.storyboard */,
				F71C77422BCC03D100E6FBAC /* ImageCell.swift */,
				F71C77432BCC03D100E6FBAC /* ImageCell.xib */,
				F71C77292BCBFFB200E6FBAC /* Main.storyboard */,
			);
			path = View;
			sourceTree = "<group>";
		};
		F70AB5742BCCEC0300E80F1E /* Controller */ = {
			isa = PBXGroup;
			children = (
				F71C77272BCBFFB200E6FBAC /* ViewController.swift */,
			);
			path = Controller;
			sourceTree = "<group>";
		};
		F70AB5752BCCEC1700E80F1E /* ViewModel */ = {
			isa = PBXGroup;
			children = (
				F70AB5772BCCEC7500E80F1E /* NetworkViewModel.swift */,
			);
			path = ViewModel;
			sourceTree = "<group>";
		};
		F70AB5762BCCEC2900E80F1E /* Model */ = {
			isa = PBXGroup;
			children = (
				F71C773C2BCC009200E6FBAC /* DataModel.swift */,
			);
			path = Model;
			sourceTree = "<group>";
		};
		F71C77172BCBFFB200E6FBAC = {
			isa = PBXGroup;
			children = (
				F71C77222BCBFFB200E6FBAC /* ImagelistTask */,
				F71C77212BCBFFB200E6FBAC /* Products */,
			);
			sourceTree = "<group>";
		};
		F71C77212BCBFFB200E6FBAC /* Products */ = {
			isa = PBXGroup;
			children = (
				F71C77202BCBFFB200E6FBAC /* ImagelistTask.app */,
			);
			name = Products;
			sourceTree = "<group>";
		};
		F71C77222BCBFFB200E6FBAC /* ImagelistTask */ = {
			isa = PBXGroup;
			children = (
				F70AB5762BCCEC2900E80F1E /* Model */,
				F70AB5752BCCEC1700E80F1E /* ViewModel */,
				F70AB5742BCCEC0300E80F1E /* Controller */,
				F70AB5732BCCEBEB00E80F1E /* View */,
				F71C77232BCBFFB200E6FBAC /* AppDelegate.swift */,
				F71C77252BCBFFB200E6FBAC /* SceneDelegate.swift */,
				F71C772F2BCBFFB300E6FBAC /* Assets.xcassets */,
				F71C77342BCBFFB300E6FBAC /* Info.plist */,
				F71C772C2BCBFFB200E6FBAC /* ImagelistTask.xcdatamodeld */,
			);
			path = ImagelistTask;
			sourceTree = "<group>";
		};
/* End PBXGroup section */

/* Begin PBXNativeTarget section */
		F71C771F2BCBFFB200E6FBAC /* ImagelistTask */ = {
			isa = PBXNativeTarget;
			buildConfigurationList = F71C77372BCBFFB300E6FBAC /* Build configuration list for PBXNativeTarget "ImagelistTask" */;
			buildPhases = (
				F71C771C2BCBFFB200E6FBAC /* Sources */,
				F71C771D2BCBFFB200E6FBAC /* Frameworks */,
				F71C771E2BCBFFB200E6FBAC /* Resources */,
			);
			buildRules = (
			);
			dependencies = (
			);
			name = ImagelistTask;
			productName = ImagelistTask;
			productReference = F71C77202BCBFFB200E6FBAC /* ImagelistTask.app */;
			productType = "com.apple.product-type.application";
		};
/* End PBXNativeTarget section */

/* Begin PBXProject section */
		F71C77182BCBFFB200E6FBAC /* Project object */ = {
			isa = PBXProject;
			attributes = {
				BuildIndependentTargetsInParallel = 1;
				LastSwiftUpdateCheck = 1520;
				LastUpgradeCheck = 1520;
				TargetAttributes = {
					F71C771F2BCBFFB200E6FBAC = {
						CreatedOnToolsVersion = 15.2;
					};
				};
			};
			buildConfigurationList = F71C771B2BCBFFB200E6FBAC /* Build configuration list for PBXProject "ImagelistTask" */;
			compatibilityVersion = "Xcode 14.0";
			developmentRegion = en;
			hasScannedForEncodings = 0;
			knownRegions = (
				en,
				Base,
			);
			mainGroup = F71C77172BCBFFB200E6FBAC;
			productRefGroup = F71C77212BCBFFB200E6FBAC /* Products */;
			projectDirPath = "";
			projectRoot = "";
			targets = (
				F71C771F2BCBFFB200E6FBAC /* ImagelistTask */,
			);
		};
/* End PBXProject section */

/* Begin PBXResourcesBuildPhase section */
		F71C771E2BCBFFB200E6FBAC /* Resources */ = {
			isa = PBXResourcesBuildPhase;
			buildActionMask = 2147483647;
			files = (
				F71C77332BCBFFB300E6FBAC /* LaunchScreen.storyboard in Resources */,
				F71C77302BCBFFB300E6FBAC /* Assets.xcassets in Resources */,
				F71C77452BCC03D100E6FBAC /* ImageCell.xib in Resources */,
				F71C772B2BCBFFB200E6FBAC /* Main.storyboard in Resources */,
			);
			runOnlyForDeploymentPostprocessing = 0;
		};
/* End PBXResourcesBuildPhase section */

/* Begin PBXSourcesBuildPhase section */
		F71C771C2BCBFFB200E6FBAC /* Sources */ = {
			isa = PBXSourcesBuildPhase;
			buildActionMask = 2147483647;
			files = (
				F71C772E2BCBFFB200E6FBAC /* ImagelistTask.xcdatamodeld in Sources */,
				F71C77282BCBFFB200E6FBAC /* ViewController.swift in Sources */,
				F71C77242BCBFFB200E6FBAC /* AppDelegate.swift in Sources */,
				F71C77442BCC03D100E6FBAC /* ImageCell.swift in Sources */,
				F71C77262BCBFFB200E6FBAC /* SceneDelegate.swift in Sources */,
				F71C773D2BCC009200E6FBAC /* DataModel.swift in Sources */,
				F70AB5782BCCEC7500E80F1E /* NetworkViewModel.swift in Sources */,
			);
			runOnlyForDeploymentPostprocessing = 0;
		};
/* End PBXSourcesBuildPhase section */

/* Begin PBXVariantGroup section */
		F71C77292BCBFFB200E6FBAC /* Main.storyboard */ = {
			isa = PBXVariantGroup;
			children = (
				F71C772A2BCBFFB200E6FBAC /* Base */,
			);
			name = Main.storyboard;
			sourceTree = "<group>";
		};
		F71C77312BCBFFB300E6FBAC /* LaunchScreen.storyboard */ = {
			isa = PBXVariantGroup;
			children = (
				F71C77322BCBFFB300E6FBAC /* Base */,
			);
			name = LaunchScreen.storyboard;
			sourceTree = "<group>";
		};
/* End PBXVariantGroup section */

/* Begin XCBuildConfiguration section */
		F71C77352BCBFFB300E6FBAC /* Debug */ = {
			isa = XCBuildConfiguration;
			buildSettings = {
				ALWAYS_SEARCH_USER_PATHS = NO;
				ASSETCATALOG_COMPILER_GENERATE_SWIFT_ASSET_SYMBOL_EXTENSIONS = YES;
				CLANG_ANALYZER_NONNULL = YES;
				CLANG_ANALYZER_NUMBER_OBJECT_CONVERSION = YES_AGGRESSIVE;
				CLANG_CXX_LANGUAGE_STANDARD = "gnu++20";
				CLANG_ENABLE_MODULES = YES;
				CLANG_ENABLE_OBJC_ARC = YES;
				CLANG_ENABLE_OBJC_WEAK = YES;
				CLANG_WARN_BLOCK_CAPTURE_AUTORELEASING = YES;
				CLANG_WARN_BOOL_CONVERSION = YES;
				CLANG_WARN_COMMA = YES;
				CLANG_WARN_CONSTANT_CONVERSION = YES;
				CLANG_WARN_DEPRECATED_OBJC_IMPLEMENTATIONS = YES;
				CLANG_WARN_DIRECT_OBJC_ISA_USAGE = YES_ERROR;
				CLANG_WARN_DOCUMENTATION_COMMENTS = YES;
				CLANG_WARN_EMPTY_BODY = YES;
				CLANG_WARN_ENUM_CONVERSION = YES;
				CLANG_WARN_INFINITE_RECURSION = YES;
				CLANG_WARN_INT_CONVERSION = YES;
				CLANG_WARN_NON_LITERAL_NULL_CONVERSION = YES;
				CLANG_WARN_OBJC_IMPLICIT_RETAIN_SELF = YES;
				CLANG_WARN_OBJC_LITERAL_CONVERSION = YES;
				CLANG_WARN_OBJC_ROOT_CLASS = YES_ERROR;
				CLANG_WARN_QUOTED_INCLUDE_IN_FRAMEWORK_HEADER = YES;
				CLANG_WARN_RANGE_LOOP_ANALYSIS = YES;
				CLANG_WARN_STRICT_PROTOTYPES = YES;
				CLANG_WARN_SUSPICIOUS_MOVE = YES;
				CLANG_WARN_UNGUARDED_AVAILABILITY = YES_AGGRESSIVE;
				CLANG_WARN_UNREACHABLE_CODE = YES;
				CLANG_WARN__DUPLICATE_METHOD_MATCH = YES;
				COPY_PHASE_STRIP = NO;
				DEBUG_INFORMATION_FORMAT = dwarf;
				ENABLE_STRICT_OBJC_MSGSEND = YES;
				ENABLE_TESTABILITY = YES;
				ENABLE_USER_SCRIPT_SANDBOXING = YES;
				GCC_C_LANGUAGE_STANDARD = gnu17;
				GCC_DYNAMIC_NO_PIC = NO;
				GCC_NO_COMMON_BLOCKS = YES;
				GCC_OPTIMIZATION_LEVEL = 0;
				GCC_PREPROCESSOR_DEFINITIONS = (
					"DEBUG=1",
					"$(inherited)",
				);
				GCC_WARN_64_TO_32_BIT_CONVERSION = YES;
				GCC_WARN_ABOUT_RETURN_TYPE = YES_ERROR;
				GCC_WARN_UNDECLARED_SELECTOR = YES;
				GCC_WARN_UNINITIALIZED_AUTOS = YES_AGGRESSIVE;
				GCC_WARN_UNUSED_FUNCTION = YES;
				GCC_WARN_UNUSED_VARIABLE = YES;
				IPHONEOS_DEPLOYMENT_TARGET = 17.2;
				LOCALIZATION_PREFERS_STRING_CATALOGS = YES;
				MTL_ENABLE_DEBUG_INFO = INCLUDE_SOURCE;
				MTL_FAST_MATH = YES;
				ONLY_ACTIVE_ARCH = YES;
				SDKROOT = iphoneos;
				SWIFT_ACTIVE_COMPILATION_CONDITIONS = "DEBUG $(inherited)";
				SWIFT_OPTIMIZATION_LEVEL = "-Onone";
			};
			name = Debug;
		};
		F71C77362BCBFFB300E6FBAC /* Release */ = {
			isa = XCBuildConfiguration;
			buildSettings = {
				ALWAYS_SEARCH_USER_PATHS = NO;
				ASSETCATALOG_COMPILER_GENERATE_SWIFT_ASSET_SYMBOL_EXTENSIONS = YES;
				CLANG_ANALYZER_NONNULL = YES;
				CLANG_ANALYZER_NUMBER_OBJECT_CONVERSION = YES_AGGRESSIVE;
				CLANG_CXX_LANGUAGE_STANDARD = "gnu++20";
				CLANG_ENABLE_MODULES = YES;
				CLANG_ENABLE_OBJC_ARC = YES;
				CLANG_ENABLE_OBJC_WEAK = YES;
				CLANG_WARN_BLOCK_CAPTURE_AUTORELEASING = YES;
				CLANG_WARN_BOOL_CONVERSION = YES;
				CLANG_WARN_COMMA = YES;
				CLANG_WARN_CONSTANT_CONVERSION = YES;
				CLANG_WARN_DEPRECATED_OBJC_IMPLEMENTATIONS = YES;
				CLANG_WARN_DIRECT_OBJC_ISA_USAGE = YES_ERROR;
				CLANG_WARN_DOCUMENTATION_COMMENTS = YES;
				CLANG_WARN_EMPTY_BODY = YES;
				CLANG_WARN_ENUM_CONVERSION = YES;
				CLANG_WARN_INFINITE_RECURSION = YES;
				CLANG_WARN_INT_CONVERSION = YES;
				CLANG_WARN_NON_LITERAL_NULL_CONVERSION = YES;
				CLANG_WARN_OBJC_IMPLICIT_RETAIN_SELF = YES;
				CLANG_WARN_OBJC_LITERAL_CONVERSION = YES;
				CLANG_WARN_OBJC_ROOT_CLASS = YES_ERROR;
				CLANG_WARN_QUOTED_INCLUDE_IN_FRAMEWORK_HEADER = YES;
				CLANG_WARN_RANGE_LOOP_ANALYSIS = YES;
				CLANG_WARN_STRICT_PROTOTYPES = YES;
				CLANG_WARN_SUSPICIOUS_MOVE = YES;
				CLANG_WARN_UNGUARDED_AVAILABILITY = YES_AGGRESSIVE;
				CLANG_WARN_UNREACHABLE_CODE = YES;
				CLANG_WARN__DUPLICATE_METHOD_MATCH = YES;
				COPY_PHASE_STRIP = NO;
				DEBUG_INFORMATION_FORMAT = "dwarf-with-dsym";
				ENABLE_NS_ASSERTIONS = NO;
				ENABLE_STRICT_OBJC_MSGSEND = YES;
				ENABLE_USER_SCRIPT_SANDBOXING = YES;
				GCC_C_LANGUAGE_STANDARD = gnu17;
				GCC_NO_COMMON_BLOCKS = YES;
				GCC_WARN_64_TO_32_BIT_CONVERSION = YES;
				GCC_WARN_ABOUT_RETURN_TYPE = YES_ERROR;
				GCC_WARN_UNDECLARED_SELECTOR = YES;
				GCC_WARN_UNINITIALIZED_AUTOS = YES_AGGRESSIVE;
				GCC_WARN_UNUSED_FUNCTION = YES;
				GCC_WARN_UNUSED_VARIABLE = YES;
				IPHONEOS_DEPLOYMENT_TARGET = 17.2;
				LOCALIZATION_PREFERS_STRING_CATALOGS = YES;
				MTL_ENABLE_DEBUG_INFO = NO;
				MTL_FAST_MATH = YES;
				SDKROOT = iphoneos;
				SWIFT_COMPILATION_MODE = wholemodule;
				VALIDATE_PRODUCT = YES;
			};
			name = Release;
		};
		F71C77382BCBFFB300E6FBAC /* Debug */ = {
			isa = XCBuildConfiguration;
			buildSettings = {
				ASSETCATALOG_COMPILER_APPICON_NAME = AppIcon;
				ASSETCATALOG_COMPILER_GLOBAL_ACCENT_COLOR_NAME = AccentColor;
				CODE_SIGN_IDENTITY = "Apple Development";
				CODE_SIGN_STYLE = Automatic;
				CURRENT_PROJECT_VERSION = 1;
				DEVELOPMENT_TEAM = 4LUYPLBQQ8;
				GENERATE_INFOPLIST_FILE = YES;
				INFOPLIST_FILE = ImagelistTask/Info.plist;
				INFOPLIST_KEY_UIApplicationSupportsIndirectInputEvents = YES;
				INFOPLIST_KEY_UILaunchStoryboardName = LaunchScreen;
				INFOPLIST_KEY_UIMainStoryboardFile = Main;
				INFOPLIST_KEY_UISupportedInterfaceOrientations_iPad = "UIInterfaceOrientationPortrait UIInterfaceOrientationPortraitUpsideDown UIInterfaceOrientationLandscapeLeft UIInterfaceOrientationLandscapeRight";
				INFOPLIST_KEY_UISupportedInterfaceOrientations_iPhone = "UIInterfaceOrientationPortrait UIInterfaceOrientationLandscapeLeft UIInterfaceOrientationLandscapeRight";
				LD_RUNPATH_SEARCH_PATHS = (
					"$(inherited)",
					"@executable_path/Frameworks",
				);
				MARKETING_VERSION = 1.0;
				PRODUCT_BUNDLE_IDENTIFIER = com.project.ImagelistTask;
				PRODUCT_NAME = "$(TARGET_NAME)";
				PROVISIONING_PROFILE_SPECIFIER = "";
				SWIFT_EMIT_LOC_STRINGS = YES;
				SWIFT_VERSION = 5.0;
				TARGETED_DEVICE_FAMILY = "1,2";
			};
			name = Debug;
		};
		F71C77392BCBFFB300E6FBAC /* Release */ = {
			isa = XCBuildConfiguration;
			buildSettings = {
				ASSETCATALOG_COMPILER_APPICON_NAME = AppIcon;
				ASSETCATALOG_COMPILER_GLOBAL_ACCENT_COLOR_NAME = AccentColor;
				CODE_SIGN_IDENTITY = "Apple Development";
				CODE_SIGN_STYLE = Automatic;
				CURRENT_PROJECT_VERSION = 1;
				DEVELOPMENT_TEAM = 4LUYPLBQQ8;
				GENERATE_INFOPLIST_FILE = YES;
				INFOPLIST_FILE = ImagelistTask/Info.plist;
				INFOPLIST_KEY_UIApplicationSupportsIndirectInputEvents = YES;
				INFOPLIST_KEY_UILaunchStoryboardName = LaunchScreen;
				INFOPLIST_KEY_UIMainStoryboardFile = Main;
				INFOPLIST_KEY_UISupportedInterfaceOrientations_iPad = "UIInterfaceOrientationPortrait UIInterfaceOrientationPortraitUpsideDown UIInterfaceOrientationLandscapeLeft UIInterfaceOrientationLandscapeRight";
				INFOPLIST_KEY_UISupportedInterfaceOrientations_iPhone = "UIInterfaceOrientationPortrait UIInterfaceOrientationLandscapeLeft UIInterfaceOrientationLandscapeRight";
				LD_RUNPATH_SEARCH_PATHS = (
					"$(inherited)",
					"@executable_path/Frameworks",
				);
				MARKETING_VERSION = 1.0;
				PRODUCT_BUNDLE_IDENTIFIER = com.project.ImagelistTask;
				PRODUCT_NAME = "$(TARGET_NAME)";
				PROVISIONING_PROFILE_SPECIFIER = "";
				SWIFT_EMIT_LOC_STRINGS = YES;
				SWIFT_VERSION = 5.0;
				TARGETED_DEVICE_FAMILY = "1,2";
			};
			name = Release;
		};
/* End XCBuildConfiguration section */

/* Begin XCConfigurationList section */
		F71C771B2BCBFFB200E6FBAC /* Build configuration list for PBXProject "ImagelistTask" */ = {
			isa = XCConfigurationList;
			buildConfigurations = (
				F71C77352BCBFFB300E6FBAC /* Debug */,
				F71C77362BCBFFB300E6FBAC /* Release */,
			);
			defaultConfigurationIsVisible = 0;
			defaultConfigurationName = Release;
		};
		F71C77372BCBFFB300E6FBAC /* Build configuration list for PBXNativeTarget "ImagelistTask" */ = {
			isa = XCConfigurationList;
			buildConfigurations = (
				F71C77382BCBFFB300E6FBAC /* Debug */,
				F71C77392BCBFFB300E6FBAC /* Release */,
			);
			defaultConfigurationIsVisible = 0;
			defaultConfigurationName = Release;
		};
/* End XCConfigurationList section */

/* Begin XCVersionGroup section */
		F71C772C2BCBFFB200E6FBAC /* ImagelistTask.xcdatamodeld */ = {
			isa = XCVersionGroup;
			children = (
				F71C772D2BCBFFB200E6FBAC /* ImagelistTask.xcdatamodel */,
			);
			currentVersion = F71C772D2BCBFFB200E6FBAC /* ImagelistTask.xcdatamodel */;
			path = ImagelistTask.xcdatamodeld;
			sourceTree = "<group>";
			versionGroupType = wrapper.xcdatamodel;
		};
/* End XCVersionGroup section */
	};
	rootObject = F71C77182BCBFFB200E6FBAC /* Project object */;
}
